
Microsoft Visual Studio Solution File, Format Version 12.00
# Visual Studio 15
VisualStudioVersion = 15.0.28307.271
MinimumVisualStudioVersion = 10.0.40219.1
Project("{FAE04EC0-301F-11D3-BF4B-00C04F79EFBC}") = "SynchronousClient", "SynchronousClient\SynchronousClient.csproj", "{7A73F956-8404-4EEC-BD74-D246F6875303}"
EndProject
Global
	GlobalSection(SolutionConfigurationPlatforms) = preSolution
		Debug|Any CPU = Debug|Any CPU
		Release|Any CPU = Release|Any CPU
	EndGlobalSection
	GlobalSection(ProjectConfigurationPlatforms) = postSolution
		{7A73F956-8404-4EEC-BD74-D246F6875303}.Debug|Any CPU.ActiveCfg = Debug|Any CPU
		{7A73F956-8404-4EEC-BD74-D246F6875303}.Debug|Any CPU.Build.0 = Debug|Any CPU
		{7A73F956-8404-4EEC-BD74-D246F6875303}.Release|Any CPU.ActiveCfg = Release|Any CPU
		{7A73F956-8404-4EEC-BD74-D246F6875303}.Release|Any CPU.Build.0 = Release|Any CPU
	EndGlobalSection
	GlobalSection(SolutionProperties) = preSolution
		HideSolutionNode = FALSE
	EndGlobalSection
	GlobalSection(ExtensibilityGlobals) = postSolution
		SolutionGuid = {F42ED4A8-B21C-4B1A-AEFA-21112D4B9347}
	EndGlobalSection
EndGlobal
